
Microsoft Visual Studio Solution File, Format Version 12.00
# Visual Studio Version 17
VisualStudioVersion = 17.2.32519.379
MinimumVisualStudioVersion = 10.0.40219.1
Project("{9A19103F-16F7-4668-BE54-9A1E7A4F7556}") = "Application", "src\Application\Application.csproj", "{0DC52C80-70C3-4C50-99F0-423644211646}"
EndProject
Project("{9A19103F-16F7-4668-BE54-9A1E7A4F7556}") = "Domain", "src\Domain\Domain.csproj", "{D25F984D-B742-430D-8687-4FABA841EE16}"
EndProject
Project("{9A19103F-16F7-4668-BE54-9A1E7A4F7556}") = "Infrastructure", "src\Infrastructure\Infrastructure.csproj", "{53D5A417-5685-4FF8-B510-2272ED0AD62B}"
EndProject
Project("{2150E333-8FDC-42A3-9474-1A3956D46DE8}") = "Solution Items", "Solution Items", "{C150F559-4ABD-47C2-ADC7-D503824BE3E7}"
EndProject
Project("{9A19103F-16F7-4668-BE54-9A1E7A4F7556}") = "BlazorCA.Server", "src\WebUI\Server\BlazorCA.Server.csproj", "{C517B12F-D83C-4E89-B5A6-0F38588D0EC5}"
EndProject
Project("{9A19103F-16F7-4668-BE54-9A1E7A4F7556}") = "BlazorCA.Client", "src\WebUI\Client\BlazorCA.Client.csproj", "{181D33DC-D6E9-4DFA-B5EA-FA9022018507}"
EndProject
Project("{9A19103F-16F7-4668-BE54-9A1E7A4F7556}") = "BlazorCA.Shared", "src\WebUI\Shared\BlazorCA.Shared.csproj", "{F9BA5EBD-C795-4403-BFFC-A09D9385D5A9}"
EndProject
Global
	GlobalSection(SolutionConfigurationPlatforms) = preSolution
		Debug|Any CPU = Debug|Any CPU
		Release|Any CPU = Release|Any CPU
	EndGlobalSection
	GlobalSection(ProjectConfigurationPlatforms) = postSolution
		{0DC52C80-70C3-4C50-99F0-423644211646}.Debug|Any CPU.ActiveCfg = Debug|Any CPU
		{0DC52C80-70C3-4C50-99F0-423644211646}.Debug|Any CPU.Build.0 = Debug|Any CPU
		{0DC52C80-70C3-4C50-99F0-423644211646}.Release|Any CPU.ActiveCfg = Release|Any CPU
		{0DC52C80-70C3-4C50-99F0-423644211646}.Release|Any CPU.Build.0 = Release|Any CPU
		{D25F984D-B742-430D-8687-4FABA841EE16}.Debug|Any CPU.ActiveCfg = Debug|Any CPU
		{D25F984D-B742-430D-8687-4FABA841EE16}.Debug|Any CPU.Build.0 = Debug|Any CPU
		{D25F984D-B742-430D-8687-4FABA841EE16}.Release|Any CPU.ActiveCfg = Release|Any CPU
		{D25F984D-B742-430D-8687-4FABA841EE16}.Release|Any CPU.Build.0 = Release|Any CPU
		{53D5A417-5685-4FF8-B510-2272ED0AD62B}.Debug|Any CPU.ActiveCfg = Debug|Any CPU
		{53D5A417-5685-4FF8-B510-2272ED0AD62B}.Debug|Any CPU.Build.0 = Debug|Any CPU
		{53D5A417-5685-4FF8-B510-2272ED0AD62B}.Release|Any CPU.ActiveCfg = Release|Any CPU
		{53D5A417-5685-4FF8-B510-2272ED0AD62B}.Release|Any CPU.Build.0 = Release|Any CPU
		{C517B12F-D83C-4E89-B5A6-0F38588D0EC5}.Debug|Any CPU.ActiveCfg = Debug|Any CPU
		{C517B12F-D83C-4E89-B5A6-0F38588D0EC5}.Debug|Any CPU.Build.0 = Debug|Any CPU
		{C517B12F-D83C-4E89-B5A6-0F38588D0EC5}.Release|Any CPU.ActiveCfg = Release|Any CPU
		{C517B12F-D83C-4E89-B5A6-0F38588D0EC5}.Release|Any CPU.Build.0 = Release|Any CPU
		{181D33DC-D6E9-4DFA-B5EA-FA9022018507}.Debug|Any CPU.ActiveCfg = Debug|Any CPU
		{181D33DC-D6E9-4DFA-B5EA-FA9022018507}.Debug|Any CPU.Build.0 = Debug|Any CPU
		{181D33DC-D6E9-4DFA-B5EA-FA9022018507}.Release|Any CPU.ActiveCfg = Release|Any CPU
		{181D33DC-D6E9-4DFA-B5EA-FA9022018507}.Release|Any CPU.Build.0 = Release|Any CPU
		{F9BA5EBD-C795-4403-BFFC-A09D9385D5A9}.Debug|Any CPU.ActiveCfg = Debug|Any CPU
		{F9BA5EBD-C795-4403-BFFC-A09D9385D5A9}.Debug|Any CPU.Build.0 = Debug|Any CPU
		{F9BA5EBD-C795-4403-BFFC-A09D9385D5A9}.Release|Any CPU.ActiveCfg = Release|Any CPU
		{F9BA5EBD-C795-4403-BFFC-A09D9385D5A9}.Release|Any CPU.Build.0 = Release|Any CPU
	EndGlobalSection
	GlobalSection(SolutionProperties) = preSolution
		HideSolutionNode = FALSE
	EndGlobalSection
	GlobalSection(ExtensibilityGlobals) = postSolution
		SolutionGuid = {FFCF94A7-A848-4C28-8E8D-1D6958F8969E}
	EndGlobalSection
EndGlobal
